
Microsoft Visual Studio Solution File, Format Version 12.00
# Visual Studio Version 17
VisualStudioVersion = 17.3.32819.101
MinimumVisualStudioVersion = 10.0.40219.1
Project("{FAE04EC0-301F-11D3-BF4B-00C04F79EFBC}") = "Company.API", "Company.API\Company.API.csproj", "{CC6C3BCC-ABD1-45FE-A9EA-72EA7CEB7AC9}"
EndProject
Project("{FAE04EC0-301F-11D3-BF4B-00C04F79EFBC}") = "Company.Data", "Company.Data\Company.Data.csproj", "{5B420B20-59FA-4D2F-B43D-8363AAEE80BE}"
EndProject
Project("{FAE04EC0-301F-11D3-BF4B-00C04F79EFBC}") = "Company.Common", "Company.Common\Company.Common.csproj", "{60441AAC-7969-44DB-BC1F-3202E1EA5146}"
EndProject
Global
	GlobalSection(SolutionConfigurationPlatforms) = preSolution
		Debug|Any CPU = Debug|Any CPU
		Release|Any CPU = Release|Any CPU
	EndGlobalSection
	GlobalSection(ProjectConfigurationPlatforms) = postSolution
		{CC6C3BCC-ABD1-45FE-A9EA-72EA7CEB7AC9}.Debug|Any CPU.ActiveCfg = Debug|Any CPU
		{CC6C3BCC-ABD1-45FE-A9EA-72EA7CEB7AC9}.Debug|Any CPU.Build.0 = Debug|Any CPU
		{CC6C3BCC-ABD1-45FE-A9EA-72EA7CEB7AC9}.Release|Any CPU.ActiveCfg = Release|Any CPU
		{CC6C3BCC-ABD1-45FE-A9EA-72EA7CEB7AC9}.Release|Any CPU.Build.0 = Release|Any CPU
		{5B420B20-59FA-4D2F-B43D-8363AAEE80BE}.Debug|Any CPU.ActiveCfg = Debug|Any CPU
		{5B420B20-59FA-4D2F-B43D-8363AAEE80BE}.Debug|Any CPU.Build.0 = Debug|Any CPU
		{5B420B20-59FA-4D2F-B43D-8363AAEE80BE}.Release|Any CPU.ActiveCfg = Release|Any CPU
		{5B420B20-59FA-4D2F-B43D-8363AAEE80BE}.Release|Any CPU.Build.0 = Release|Any CPU
		{60441AAC-7969-44DB-BC1F-3202E1EA5146}.Debug|Any CPU.ActiveCfg = Debug|Any CPU
		{60441AAC-7969-44DB-BC1F-3202E1EA5146}.Debug|Any CPU.Build.0 = Debug|Any CPU
		{60441AAC-7969-44DB-BC1F-3202E1EA5146}.Release|Any CPU.ActiveCfg = Release|Any CPU
		{60441AAC-7969-44DB-BC1F-3202E1EA5146}.Release|Any CPU.Build.0 = Release|Any CPU
	EndGlobalSection
	GlobalSection(SolutionProperties) = preSolution
		HideSolutionNode = FALSE
	EndGlobalSection
	GlobalSection(ExtensibilityGlobals) = postSolution
		SolutionGuid = {B5FD884A-F6CB-467A-909B-F4FD4B37BF25}
	EndGlobalSection
EndGlobal
